// !$*UTF8*$!
{
	archiveVersion = 1;
	classes = {
	};
	objectVersion = 46;
	objects = {

/* Begin PBXBuildFile section */
		83B8A9071E195FE7008EDE2A /* AppDelegate.swift in Sources */ = {isa = PBXBuildFile; fileRef = 83B8A9061E195FE7008EDE2A /* AppDelegate.swift */; };
		83B8A90C1E195FE7008EDE2A /* Main.storyboard in Resources */ = {isa = PBXBuildFile; fileRef = 83B8A90A1E195FE7008EDE2A /* Main.storyboard */; };
		83B8A90E1E195FE7008EDE2A /* Assets.xcassets in Resources */ = {isa = PBXBuildFile; fileRef = 83B8A90D1E195FE7008EDE2A /* Assets.xcassets */; };
		83B8A9111E195FE7008EDE2A /* LaunchScreen.storyboard in Resources */ = {isa = PBXBuildFile; fileRef = 83B8A90F1E195FE7008EDE2A /* LaunchScreen.storyboard */; };
		83B8A91C1E195FE7008EDE2A /* ChessCoreTests.swift in Sources */ = {isa = PBXBuildFile; fileRef = 83B8A91B1E195FE7008EDE2A /* ChessCoreTests.swift */; };
		83B8A9271E195FE7008EDE2A /* ChessCoreUITests.swift in Sources */ = {isa = PBXBuildFile; fileRef = 83B8A9261E195FE7008EDE2A /* ChessCoreUITests.swift */; };
		83B8A9351E1960E8008EDE2A /* BoardView.swift in Sources */ = {isa = PBXBuildFile; fileRef = 83B8A9341E1960E8008EDE2A /* BoardView.swift */; };
		83B8A9391E196407008EDE2A /* BoardViewController.swift in Sources */ = {isa = PBXBuildFile; fileRef = 83B8A9381E196407008EDE2A /* BoardViewController.swift */; };
		83B8A93B1E196471008EDE2A /* GamePiece.swift in Sources */ = {isa = PBXBuildFile; fileRef = 83B8A93A1E196471008EDE2A /* GamePiece.swift */; };
/* End PBXBuildFile section */

/* Begin PBXContainerItemProxy section */
		83B8A9181E195FE7008EDE2A /* PBXContainerItemProxy */ = {
			isa = PBXContainerItemProxy;
			containerPortal = 83B8A8FB1E195FE5008EDE2A /* Project object */;
			proxyType = 1;
			remoteGlobalIDString = 83B8A9021E195FE5008EDE2A;
			remoteInfo = ChessCore;
		};
		83B8A9231E195FE7008EDE2A /* PBXContainerItemProxy */ = {
			isa = PBXContainerItemProxy;
			containerPortal = 83B8A8FB1E195FE5008EDE2A /* Project object */;
			proxyType = 1;
			remoteGlobalIDString = 83B8A9021E195FE5008EDE2A;
			remoteInfo = ChessCore;
		};
/* End PBXContainerItemProxy section */

/* Begin PBXFileReference section */
		83B8A9031E195FE7008EDE2A /* ChessCore.app */ = {isa = PBXFileReference; explicitFileType = wrapper.application; includeInIndex = 0; path = ChessCore.app; sourceTree = BUILT_PRODUCTS_DIR; };
		83B8A9061E195FE7008EDE2A /* AppDelegate.swift */ = {isa = PBXFileReference; lastKnownFileType = sourcecode.swift; path = AppDelegate.swift; sourceTree = "<group>"; };
		83B8A90B1E195FE7008EDE2A /* Base */ = {isa = PBXFileReference; lastKnownFileType = file.storyboard; name = Base; path = Base.lproj/Main.storyboard; sourceTree = "<group>"; };
		83B8A90D1E195FE7008EDE2A /* Assets.xcassets */ = {isa = PBXFileReference; lastKnownFileType = folder.assetcatalog; path = Assets.xcassets; sourceTree = "<group>"; };
		83B8A9101E195FE7008EDE2A /* Base */ = {isa = PBXFileReference; lastKnownFileType = file.storyboard; name = Base; path = Base.lproj/LaunchScreen.storyboard; sourceTree = "<group>"; };
		83B8A9121E195FE7008EDE2A /* Info.plist */ = {isa = PBXFileReference; lastKnownFileType = text.plist.xml; path = Info.plist; sourceTree = "<group>"; };
		83B8A9171E195FE7008EDE2A /* ChessCoreTests.xctest */ = {isa = PBXFileReference; explicitFileType = wrapper.cfbundle; includeInIndex = 0; path = ChessCoreTests.xctest; sourceTree = BUILT_PRODUCTS_DIR; };
		83B8A91B1E195FE7008EDE2A /* ChessCoreTests.swift */ = {isa = PBXFileReference; lastKnownFileType = sourcecode.swift; path = ChessCoreTests.swift; sourceTree = "<group>"; };
		83B8A91D1E195FE7008EDE2A /* Info.plist */ = {isa = PBXFileReference; lastKnownFileType = text.plist.xml; path = Info.plist; sourceTree = "<group>"; };
		83B8A9221E195FE7008EDE2A /* ChessCoreUITests.xctest */ = {isa = PBXFileReference; explicitFileType = wrapper.cfbundle; includeInIndex = 0; path = ChessCoreUITests.xctest; sourceTree = BUILT_PRODUCTS_DIR; };
		83B8A9261E195FE7008EDE2A /* ChessCoreUITests.swift */ = {isa = PBXFileReference; lastKnownFileType = sourcecode.swift; path = ChessCoreUITests.swift; sourceTree = "<group>"; };
		83B8A9281E195FE7008EDE2A /* Info.plist */ = {isa = PBXFileReference; lastKnownFileType = text.plist.xml; path = Info.plist; sourceTree = "<group>"; };
		83B8A9341E1960E8008EDE2A /* BoardView.swift */ = {isa = PBXFileReference; fileEncoding = 4; lastKnownFileType = sourcecode.swift; path = BoardView.swift; sourceTree = "<group>"; };
		83B8A9381E196407008EDE2A /* BoardViewController.swift */ = {isa = PBXFileReference; fileEncoding = 4; lastKnownFileType = sourcecode.swift; path = BoardViewController.swift; sourceTree = "<group>"; };
		83B8A93A1E196471008EDE2A /* GamePiece.swift */ = {isa = PBXFileReference; fileEncoding = 4; lastKnownFileType = sourcecode.swift; path = GamePiece.swift; sourceTree = "<group>"; };
/* End PBXFileReference section */

/* Begin PBXFrameworksBuildPhase section */
		83B8A9001E195FE5008EDE2A /* Frameworks */ = {
			isa = PBXFrameworksBuildPhase;
			buildActionMask = 2147483647;
			files = (
			);
			runOnlyForDeploymentPostprocessing = 0;
		};
		83B8A9141E195FE7008EDE2A /* Frameworks */ = {
			isa = PBXFrameworksBuildPhase;
			buildActionMask = 2147483647;
			files = (
			);
			runOnlyForDeploymentPostprocessing = 0;
		};
		83B8A91F1E195FE7008EDE2A /* Frameworks */ = {
			isa = PBXFrameworksBuildPhase;
			buildActionMask = 2147483647;
			files = (
			);
			runOnlyForDeploymentPostprocessing = 0;
		};
/* End PBXFrameworksBuildPhase section */

/* Begin PBXGroup section */
		83B8A8FA1E195FE5008EDE2A = {
			isa = PBXGroup;
			children = (
				83B8A9051E195FE7008EDE2A /* ChessCore */,
				83B8A91A1E195FE7008EDE2A /* ChessCoreTests */,
				83B8A9251E195FE7008EDE2A /* ChessCoreUITests */,
				83B8A9041E195FE7008EDE2A /* Products */,
			);
			sourceTree = "<group>";
		};
		83B8A9041E195FE7008EDE2A /* Products */ = {
			isa = PBXGroup;
			children = (
				83B8A9031E195FE7008EDE2A /* ChessCore.app */,
				83B8A9171E195FE7008EDE2A /* ChessCoreTests.xctest */,
				83B8A9221E195FE7008EDE2A /* ChessCoreUITests.xctest */,
			);
			name = Products;
			sourceTree = "<group>";
		};
		83B8A9051E195FE7008EDE2A /* ChessCore */ = {
			isa = PBXGroup;
			children = (
				83B8A9361E1963BA008EDE2A /* Board */,
				83B8A9371E1963E0008EDE2A /* Helper */,
			);
			path = ChessCore;
			sourceTree = "<group>";
		};
		83B8A91A1E195FE7008EDE2A /* ChessCoreTests */ = {
			isa = PBXGroup;
			children = (
				83B8A91B1E195FE7008EDE2A /* ChessCoreTests.swift */,
				83B8A91D1E195FE7008EDE2A /* Info.plist */,
			);
			path = ChessCoreTests;
			sourceTree = "<group>";
		};
		83B8A9251E195FE7008EDE2A /* ChessCoreUITests */ = {
			isa = PBXGroup;
			children = (
				83B8A9261E195FE7008EDE2A /* ChessCoreUITests.swift */,
				83B8A9281E195FE7008EDE2A /* Info.plist */,
			);
			path = ChessCoreUITests;
			sourceTree = "<group>";
		};
		83B8A9361E1963BA008EDE2A /* Board */ = {
			isa = PBXGroup;
			children = (
				83B8A9341E1960E8008EDE2A /* BoardView.swift */,
				83B8A9381E196407008EDE2A /* BoardViewController.swift */,
				83B8A93A1E196471008EDE2A /* GamePiece.swift */,
			);
			name = Board;
			sourceTree = "<group>";
		};
		83B8A9371E1963E0008EDE2A /* Helper */ = {
			isa = PBXGroup;
			children = (
				83B8A9061E195FE7008EDE2A /* AppDelegate.swift */,
				83B8A90A1E195FE7008EDE2A /* Main.storyboard */,
				83B8A90D1E195FE7008EDE2A /* Assets.xcassets */,
				83B8A90F1E195FE7008EDE2A /* LaunchScreen.storyboard */,
				83B8A9121E195FE7008EDE2A /* Info.plist */,
			);
			name = Helper;
			sourceTree = "<group>";
		};
/* End PBXGroup section */

/* Begin PBXNativeTarget section */
		83B8A9021E195FE5008EDE2A /* ChessCore */ = {
			isa = PBXNativeTarget;
			buildConfigurationList = 83B8A92B1E195FE7008EDE2A /* Build configuration list for PBXNativeTarget "ChessCore" */;
			buildPhases = (
				83B8A8FF1E195FE5008EDE2A /* Sources */,
				83B8A9001E195FE5008EDE2A /* Frameworks */,
				83B8A9011E195FE5008EDE2A /* Resources */,
			);
			buildRules = (
			);
			dependencies = (
			);
			name = ChessCore;
			productName = ChessCore;
			productReference = 83B8A9031E195FE7008EDE2A /* ChessCore.app */;
			productType = "com.apple.product-type.application";
		};
		83B8A9161E195FE7008EDE2A /* ChessCoreTests */ = {
			isa = PBXNativeTarget;
			buildConfigurationList = 83B8A92E1E195FE7008EDE2A /* Build configuration list for PBXNativeTarget "ChessCoreTests" */;
			buildPhases = (
				83B8A9131E195FE7008EDE2A /* Sources */,
				83B8A9141E195FE7008EDE2A /* Frameworks */,
				83B8A9151E195FE7008EDE2A /* Resources */,
			);
			buildRules = (
			);
			dependencies = (
				83B8A9191E195FE7008EDE2A /* PBXTargetDependency */,
			);
			name = ChessCoreTests;
			productName = ChessCoreTests;
			productReference = 83B8A9171E195FE7008EDE2A /* ChessCoreTests.xctest */;
			productType = "com.apple.product-type.bundle.unit-test";
		};
		83B8A9211E195FE7008EDE2A /* ChessCoreUITests */ = {
			isa = PBXNativeTarget;
			buildConfigurationList = 83B8A9311E195FE7008EDE2A /* Build configuration list for PBXNativeTarget "ChessCoreUITests" */;
			buildPhases = (
				83B8A91E1E195FE7008EDE2A /* Sources */,
				83B8A91F1E195FE7008EDE2A /* Frameworks */,
				83B8A9201E195FE7008EDE2A /* Resources */,
			);
			buildRules = (
			);
			dependencies = (
				83B8A9241E195FE7008EDE2A /* PBXTargetDependency */,
			);
			name = ChessCoreUITests;
			productName = ChessCoreUITests;
			productReference = 83B8A9221E195FE7008EDE2A /* ChessCoreUITests.xctest */;
			productType = "com.apple.product-type.bundle.ui-testing";
		};
/* End PBXNativeTarget section */

/* Begin PBXProject section */
		83B8A8FB1E195FE5008EDE2A /* Project object */ = {
			isa = PBXProject;
			attributes = {
				LastSwiftUpdateCheck = 0820;
				LastUpgradeCheck = 0820;
				ORGANIZATIONNAME = "iOS MAC";
				TargetAttributes = {
					83B8A9021E195FE5008EDE2A = {
						CreatedOnToolsVersion = 8.2.1;
						DevelopmentTeam = N36VHC7JD7;
						ProvisioningStyle = Automatic;
					};
					83B8A9161E195FE7008EDE2A = {
						CreatedOnToolsVersion = 8.2.1;
						DevelopmentTeam = N36VHC7JD7;
						ProvisioningStyle = Automatic;
						TestTargetID = 83B8A9021E195FE5008EDE2A;
					};
					83B8A9211E195FE7008EDE2A = {
						CreatedOnToolsVersion = 8.2.1;
						DevelopmentTeam = N36VHC7JD7;
						ProvisioningStyle = Automatic;
						TestTargetID = 83B8A9021E195FE5008EDE2A;
					};
				};
			};
			buildConfigurationList = 83B8A8FE1E195FE5008EDE2A /* Build configuration list for PBXProject "ChessCore" */;
			compatibilityVersion = "Xcode 3.2";
			developmentRegion = English;
			hasScannedForEncodings = 0;
			knownRegions = (
				en,
				Base,
			);
			mainGroup = 83B8A8FA1E195FE5008EDE2A;
			productRefGroup = 83B8A9041E195FE7008EDE2A /* Products */;
			projectDirPath = "";
			projectRoot = "";
			targets = (
				83B8A9021E195FE5008EDE2A /* ChessCore */,
				83B8A9161E195FE7008EDE2A /* ChessCoreTests */,
				83B8A9211E195FE7008EDE2A /* ChessCoreUITests */,
			);
		};
/* End PBXProject section */

/* Begin PBXResourcesBuildPhase section */
		83B8A9011E195FE5008EDE2A /* Resources */ = {
			isa = PBXResourcesBuildPhase;
			buildActionMask = 2147483647;
			files = (
				83B8A9111E195FE7008EDE2A /* LaunchScreen.storyboard in Resources */,
				83B8A90E1E195FE7008EDE2A /* Assets.xcassets in Resources */,
				83B8A90C1E195FE7008EDE2A /* Main.storyboard in Resources */,
			);
			runOnlyForDeploymentPostprocessing = 0;
		};
		83B8A9151E195FE7008EDE2A /* Resources */ = {
			isa = PBXResourcesBuildPhase;
			buildActionMask = 2147483647;
			files = (
			);
			runOnlyForDeploymentPostprocessing = 0;
		};
		83B8A9201E195FE7008EDE2A /* Resources */ = {
			isa = PBXResourcesBuildPhase;
			buildActionMask = 2147483647;
			files = (
			);
			runOnlyForDeploymentPostprocessing = 0;
		};
/* End PBXResourcesBuildPhase section */

/* Begin PBXSourcesBuildPhase section */
		83B8A8FF1E195FE5008EDE2A /* Sources */ = {
			isa = PBXSourcesBuildPhase;
			buildActionMask = 2147483647;
			files = (
				83B8A9351E1960E8008EDE2A /* BoardView.swift in Sources */,
				83B8A93B1E196471008EDE2A /* GamePiece.swift in Sources */,
				83B8A9071E195FE7008EDE2A /* AppDelegate.swift in Sources */,
				83B8A9391E196407008EDE2A /* BoardViewController.swift in Sources */,
			);
			runOnlyForDeploymentPostprocessing = 0;
		};
		83B8A9131E195FE7008EDE2A /* Sources */ = {
			isa = PBXSourcesBuildPhase;
			buildActionMask = 2147483647;
			files = (
				83B8A91C1E195FE7008EDE2A /* ChessCoreTests.swift in Sources */,
			);
			runOnlyForDeploymentPostprocessing = 0;
		};
		83B8A91E1E195FE7008EDE2A /* Sources */ = {
			isa = PBXSourcesBuildPhase;
			buildActionMask = 2147483647;
			files = (
				83B8A9271E195FE7008EDE2A /* ChessCoreUITests.swift in Sources */,
			);
			runOnlyForDeploymentPostprocessing = 0;
		};
/* End PBXSourcesBuildPhase section */

/* Begin PBXTargetDependency section */
		83B8A9191E195FE7008EDE2A /* PBXTargetDependency */ = {
			isa = PBXTargetDependency;
			target = 83B8A9021E195FE5008EDE2A /* ChessCore */;
			targetProxy = 83B8A9181E195FE7008EDE2A /* PBXContainerItemProxy */;
		};
		83B8A9241E195FE7008EDE2A /* PBXTargetDependency */ = {
			isa = PBXTargetDependency;
			target = 83B8A9021E195FE5008EDE2A /* ChessCore */;
			targetProxy = 83B8A9231E195FE7008EDE2A /* PBXContainerItemProxy */;
		};
/* End PBXTargetDependency section */

/* Begin PBXVariantGroup section */
		83B8A90A1E195FE7008EDE2A /* Main.storyboard */ = {
			isa = PBXVariantGroup;
			children = (
				83B8A90B1E195FE7008EDE2A /* Base */,
			);
			name = Main.storyboard;
			sourceTree = "<group>";
		};
		83B8A90F1E195FE7008EDE2A /* LaunchScreen.storyboard */ = {
			isa = PBXVariantGroup;
			children = (
				83B8A9101E195FE7008EDE2A /* Base */,
			);
			name = LaunchScreen.storyboard;
			sourceTree = "<group>";
		};
/* End PBXVariantGroup section */

/* Begin XCBuildConfiguration section */
		83B8A9291E195FE7008EDE2A /* Debug */ = {
			isa = XCBuildConfiguration;
			buildSettings = {
				ALWAYS_SEARCH_USER_PATHS = NO;
				CLANG_ANALYZER_NONNULL = YES;
				CLANG_CXX_LANGUAGE_STANDARD = "gnu++0x";
				CLANG_CXX_LIBRARY = "libc++";
				CLANG_ENABLE_MODULES = YES;
				CLANG_ENABLE_OBJC_ARC = YES;
				CLANG_WARN_BOOL_CONVERSION = YES;
				CLANG_WARN_CONSTANT_CONVERSION = YES;
				CLANG_WARN_DIRECT_OBJC_ISA_USAGE = YES_ERROR;
				CLANG_WARN_DOCUMENTATION_COMMENTS = YES;
				CLANG_WARN_EMPTY_BODY = YES;
				CLANG_WARN_ENUM_CONVERSION = YES;
				CLANG_WARN_INFINITE_RECURSION = YES;
				CLANG_WARN_INT_CONVERSION = YES;
				CLANG_WARN_OBJC_ROOT_CLASS = YES_ERROR;
				CLANG_WARN_SUSPICIOUS_MOVE = YES;
				CLANG_WARN_UNREACHABLE_CODE = YES;
				CLANG_WARN__DUPLICATE_METHOD_MATCH = YES;
				"CODE_SIGN_IDENTITY[sdk=iphoneos*]" = "iPhone Developer";
				COPY_PHASE_STRIP = NO;
				DEBUG_INFORMATION_FORMAT = dwarf;
				ENABLE_STRICT_OBJC_MSGSEND = YES;
				ENABLE_TESTABILITY = YES;
				GCC_C_LANGUAGE_STANDARD = gnu99;
				GCC_DYNAMIC_NO_PIC = NO;
				GCC_NO_COMMON_BLOCKS = YES;
				GCC_OPTIMIZATION_LEVEL = 0;
				GCC_PREPROCESSOR_DEFINITIONS = (
					"DEBUG=1",
					"$(inherited)",
				);
				GCC_WARN_64_TO_32_BIT_CONVERSION = YES;
				GCC_WARN_ABOUT_RETURN_TYPE = YES_ERROR;
				GCC_WARN_UNDECLARED_SELECTOR = YES;
				GCC_WARN_UNINITIALIZED_AUTOS = YES_AGGRESSIVE;
				GCC_WARN_UNUSED_FUNCTION = YES;
				GCC_WARN_UNUSED_VARIABLE = YES;
				IPHONEOS_DEPLOYMENT_TARGET = 10.2;
				MTL_ENABLE_DEBUG_INFO = YES;
				ONLY_ACTIVE_ARCH = YES;
				SDKROOT = iphoneos;
				SWIFT_ACTIVE_COMPILATION_CONDITIONS = DEBUG;
				SWIFT_OPTIMIZATION_LEVEL = "-Onone";
				TARGETED_DEVICE_FAMILY = "1,2";
			};
			name = Debug;
		};
		83B8A92A1E195FE7008EDE2A /* Release */ = {
			isa = XCBuildConfiguration;
			buildSettings = {
				ALWAYS_SEARCH_USER_PATHS = NO;
				CLANG_ANALYZER_NONNULL = YES;
				CLANG_CXX_LANGUAGE_STANDARD = "gnu++0x";
				CLANG_CXX_LIBRARY = "libc++";
				CLANG_ENABLE_MODULES = YES;
				CLANG_ENABLE_OBJC_ARC = YES;
				CLANG_WARN_BOOL_CONVERSION = YES;
				CLANG_WARN_CONSTANT_CONVERSION = YES;
				CLANG_WARN_DIRECT_OBJC_ISA_USAGE = YES_ERROR;
				CLANG_WARN_DOCUMENTATION_COMMENTS = YES;
				CLANG_WARN_EMPTY_BODY = YES;
				CLANG_WARN_ENUM_CONVERSION = YES;
				CLANG_WARN_INFINITE_RECURSION = YES;
				CLANG_WARN_INT_CONVERSION = YES;
				CLANG_WARN_OBJC_ROOT_CLASS = YES_ERROR;
				CLANG_WARN_SUSPICIOUS_MOVE = YES;
				CLANG_WARN_UNREACHABLE_CODE = YES;
				CLANG_WARN__DUPLICATE_METHOD_MATCH = YES;
				"CODE_SIGN_IDENTITY[sdk=iphoneos*]" = "iPhone Developer";
				COPY_PHASE_STRIP = NO;
				DEBUG_INFORMATION_FORMAT = "dwarf-with-dsym";
				ENABLE_NS_ASSERTIONS = NO;
				ENABLE_STRICT_OBJC_MSGSEND = YES;
				GCC_C_LANGUAGE_STANDARD = gnu99;
				GCC_NO_COMMON_BLOCKS = YES;
				GCC_WARN_64_TO_32_BIT_CONVERSION = YES;
				GCC_WARN_ABOUT_RETURN_TYPE = YES_ERROR;
				GCC_WARN_UNDECLARED_SELECTOR = YES;
				GCC_WARN_UNINITIALIZED_AUTOS = YES_AGGRESSIVE;
				GCC_WARN_UNUSED_FUNCTION = YES;
				GCC_WARN_UNUSED_VARIABLE = YES;
				IPHONEOS_DEPLOYMENT_TARGET = 10.2;
				MTL_ENABLE_DEBUG_INFO = NO;
				SDKROOT = iphoneos;
				SWIFT_OPTIMIZATION_LEVEL = "-Owholemodule";
				TARGETED_DEVICE_FAMILY = "1,2";
				VALIDATE_PRODUCT = YES;
			};
			name = Release;
		};
		83B8A92C1E195FE7008EDE2A /* Debug */ = {
			isa = XCBuildConfiguration;
			buildSettings = {
				ASSETCATALOG_COMPILER_APPICON_NAME = AppIcon;
				DEVELOPMENT_TEAM = N36VHC7JD7;
				INFOPLIST_FILE = ChessCore/Info.plist;
				LD_RUNPATH_SEARCH_PATHS = "$(inherited) @executable_path/Frameworks";
				PRODUCT_BUNDLE_IDENTIFIER = EventHorizon.ChessCore;
				PRODUCT_NAME = "$(TARGET_NAME)";
				SWIFT_VERSION = 3.0;
			};
			name = Debug;
		};
		83B8A92D1E195FE7008EDE2A /* Release */ = {
			isa = XCBuildConfiguration;
			buildSettings = {
				ASSETCATALOG_COMPILER_APPICON_NAME = AppIcon;
				DEVELOPMENT_TEAM = N36VHC7JD7;
				INFOPLIST_FILE = ChessCore/Info.plist;
				LD_RUNPATH_SEARCH_PATHS = "$(inherited) @executable_path/Frameworks";
				PRODUCT_BUNDLE_IDENTIFIER = EventHorizon.ChessCore;
				PRODUCT_NAME = "$(TARGET_NAME)";
				SWIFT_VERSION = 3.0;
			};
			name = Release;
		};
		83B8A92F1E195FE7008EDE2A /* Debug */ = {
			isa = XCBuildConfiguration;
			buildSettings = {
				ALWAYS_EMBED_SWIFT_STANDARD_LIBRARIES = YES;
				BUNDLE_LOADER = "$(TEST_HOST)";
				DEVELOPMENT_TEAM = N36VHC7JD7;
				INFOPLIST_FILE = ChessCoreTests/Info.plist;
				LD_RUNPATH_SEARCH_PATHS = "$(inherited) @executable_path/Frameworks @loader_path/Frameworks";
				PRODUCT_BUNDLE_IDENTIFIER = EventHorizon.ChessCoreTests;
				PRODUCT_NAME = "$(TARGET_NAME)";
				SWIFT_VERSION = 3.0;
				TEST_HOST = "$(BUILT_PRODUCTS_DIR)/ChessCore.app/ChessCore";
			};
			name = Debug;
		};
		83B8A9301E195FE7008EDE2A /* Release */ = {
			isa = XCBuildConfiguration;
			buildSettings = {
				ALWAYS_EMBED_SWIFT_STANDARD_LIBRARIES = YES;
				BUNDLE_LOADER = "$(TEST_HOST)";
				DEVELOPMENT_TEAM = N36VHC7JD7;
				INFOPLIST_FILE = ChessCoreTests/Info.plist;
				LD_RUNPATH_SEARCH_PATHS = "$(inherited) @executable_path/Frameworks @loader_path/Frameworks";
				PRODUCT_BUNDLE_IDENTIFIER = EventHorizon.ChessCoreTests;
				PRODUCT_NAME = "$(TARGET_NAME)";
				SWIFT_VERSION = 3.0;
				TEST_HOST = "$(BUILT_PRODUCTS_DIR)/ChessCore.app/ChessCore";
			};
			name = Release;
		};
		83B8A9321E195FE7008EDE2A /* Debug */ = {
			isa = XCBuildConfiguration;
			buildSettings = {
				ALWAYS_EMBED_SWIFT_STANDARD_LIBRARIES = YES;
				DEVELOPMENT_TEAM = N36VHC7JD7;
				INFOPLIST_FILE = ChessCoreUITests/Info.plist;
				LD_RUNPATH_SEARCH_PATHS = "$(inherited) @executable_path/Frameworks @loader_path/Frameworks";
				PRODUCT_BUNDLE_IDENTIFIER = EventHorizon.ChessCoreUITests;
				PRODUCT_NAME = "$(TARGET_NAME)";
				SWIFT_VERSION = 3.0;
				TEST_TARGET_NAME = ChessCore;
			};
			name = Debug;
		};
		83B8A9331E195FE7008EDE2A /* Release */ = {
			isa = XCBuildConfiguration;
			buildSettings = {
				ALWAYS_EMBED_SWIFT_STANDARD_LIBRARIES = YES;
				DEVELOPMENT_TEAM = N36VHC7JD7;
				INFOPLIST_FILE = ChessCoreUITests/Info.plist;
				LD_RUNPATH_SEARCH_PATHS = "$(inherited) @executable_path/Frameworks @loader_path/Frameworks";
				PRODUCT_BUNDLE_IDENTIFIER = EventHorizon.ChessCoreUITests;
				PRODUCT_NAME = "$(TARGET_NAME)";
				SWIFT_VERSION = 3.0;
				TEST_TARGET_NAME = ChessCore;
			};
			name = Release;
		};
/* End XCBuildConfiguration section */

/* Begin XCConfigurationList section */
		83B8A8FE1E195FE5008EDE2A /* Build configuration list for PBXProject "ChessCore" */ = {
			isa = XCConfigurationList;
			buildConfigurations = (
				83B8A9291E195FE7008EDE2A /* Debug */,
				83B8A92A1E195FE7008EDE2A /* Release */,
			);
			defaultConfigurationIsVisible = 0;
			defaultConfigurationName = Release;
		};
		83B8A92B1E195FE7008EDE2A /* Build configuration list for PBXNativeTarget "ChessCore" */ = {
			isa = XCConfigurationList;
			buildConfigurations = (
				83B8A92C1E195FE7008EDE2A /* Debug */,
				83B8A92D1E195FE7008EDE2A /* Release */,
			);
			defaultConfigurationIsVisible = 0;
		};
		83B8A92E1E195FE7008EDE2A /* Build configuration list for PBXNativeTarget "ChessCoreTests" */ = {
			isa = XCConfigurationList;
			buildConfigurations = (
				83B8A92F1E195FE7008EDE2A /* Debug */,
				83B8A9301E195FE7008EDE2A /* Release */,
			);
			defaultConfigurationIsVisible = 0;
		};
		83B8A9311E195FE7008EDE2A /* Build configuration list for PBXNativeTarget "ChessCoreUITests" */ = {
			isa = XCConfigurationList;
			buildConfigurations = (
				83B8A9321E195FE7008EDE2A /* Debug */,
				83B8A9331E195FE7008EDE2A /* Release */,
			);
			defaultConfigurationIsVisible = 0;
		};
/* End XCConfigurationList section */
	};
	rootObject = 83B8A8FB1E195FE5008EDE2A /* Project object */;
}
